
Microsoft Visual Studio Solution File, Format Version 12.00
# Visual Studio Version 17
VisualStudioVersion = 17.5.002.0
MinimumVisualStudioVersion = 10.0.40219.1
Project("{9A19103F-16F7-4668-BE54-9A1E7A4F7556}") = "WebApplication", "WebApplication.csproj", "{3F8C158C-041E-4417-8214-BBB3E633F937}"
EndProject
Global
	GlobalSection(SolutionConfigurationPlatforms) = preSolution
		Debug|Any CPU = Debug|Any CPU
		Release|Any CPU = Release|Any CPU
	EndGlobalSection
	GlobalSection(ProjectConfigurationPlatforms) = postSolution
		{3F8C158C-041E-4417-8214-BBB3E633F937}.Debug|Any CPU.ActiveCfg = Debug|Any CPU
		{3F8C158C-041E-4417-8214-BBB3E633F937}.Debug|Any CPU.Build.0 = Debug|Any CPU
		{3F8C158C-041E-4417-8214-BBB3E633F937}.Release|Any CPU.ActiveCfg = Release|Any CPU
		{3F8C158C-041E-4417-8214-BBB3E633F937}.Release|Any CPU.Build.0 = Release|Any CPU
	EndGlobalSection
	GlobalSection(SolutionProperties) = preSolution
		HideSolutionNode = FALSE
	EndGlobalSection
	GlobalSection(ExtensibilityGlobals) = postSolution
		SolutionGuid = {1C81A2F1-0029-4083-ABC2-C41811C85EC0}
	EndGlobalSection
EndGlobal
